
Microsoft Visual Studio Solution File, Format Version 12.00
# Visual Studio Version 17
VisualStudioVersion = 17.6.33815.320
MinimumVisualStudioVersion = 10.0.40219.1
Project("{8BC9CEB8-8B4A-11D0-8D11-00A0C91BC942}") = "ConsoleApplication2", "ConsoleApplication2.vcxproj", "{E2811746-9AC1-4087-8C28-24F1D7CB96ED}"
EndProject
Global
	GlobalSection(SolutionConfigurationPlatforms) = preSolution
		Debug|x64 = Debug|x64
		Debug|x86 = Debug|x86
		Release|x64 = Release|x64
		Release|x86 = Release|x86
	EndGlobalSection
	GlobalSection(ProjectConfigurationPlatforms) = postSolution
		{E2811746-9AC1-4087-8C28-24F1D7CB96ED}.Debug|x64.ActiveCfg = Debug|x64
		{E2811746-9AC1-4087-8C28-24F1D7CB96ED}.Debug|x64.Build.0 = Debug|x64
		{E2811746-9AC1-4087-8C28-24F1D7CB96ED}.Debug|x86.ActiveCfg = Debug|Win32
		{E2811746-9AC1-4087-8C28-24F1D7CB96ED}.Debug|x86.Build.0 = Debug|Win32
		{E2811746-9AC1-4087-8C28-24F1D7CB96ED}.Release|x64.ActiveCfg = Release|x64
		{E2811746-9AC1-4087-8C28-24F1D7CB96ED}.Release|x64.Build.0 = Release|x64
		{E2811746-9AC1-4087-8C28-24F1D7CB96ED}.Release|x86.ActiveCfg = Release|Win32
		{E2811746-9AC1-4087-8C28-24F1D7CB96ED}.Release|x86.Build.0 = Release|Win32
	EndGlobalSection
	GlobalSection(SolutionProperties) = preSolution
		HideSolutionNode = FALSE
	EndGlobalSection
	GlobalSection(ExtensibilityGlobals) = postSolution
		SolutionGuid = {36250CE8-0C2A-4BB0-87B6-C7B084AC1629}
	EndGlobalSection
EndGlobal
